// !$*UTF8*$!
{
	archiveVersion = 1;
	classes = {
	};
	objectVersion = 46;
	objects = {

/* Begin PBXBuildFile section */
		2B3DABC32B1396C5C2BE5F46 /* Pods_salonyTest.framework in Frameworks */ = {isa = PBXBuildFile; fileRef = 41EA11C096C1796F0C53EC93 /* Pods_salonyTest.framework */; };
		D21C6FCE1F25EDBE0033E363 /* AppDelegate.swift in Sources */ = {isa = PBXBuildFile; fileRef = D21C6FCD1F25EDBE0033E363 /* AppDelegate.swift */; };
		D21C6FD31F25EDBE0033E363 /* Main.storyboard in Resources */ = {isa = PBXBuildFile; fileRef = D21C6FD11F25EDBE0033E363 /* Main.storyboard */; };
		D21C6FD51F25EDBE0033E363 /* Assets.xcassets in Resources */ = {isa = PBXBuildFile; fileRef = D21C6FD41F25EDBE0033E363 /* Assets.xcassets */; };
		D21C6FD81F25EDBE0033E363 /* LaunchScreen.storyboard in Resources */ = {isa = PBXBuildFile; fileRef = D21C6FD61F25EDBE0033E363 /* LaunchScreen.storyboard */; };
		D21C6FE01F25EEE50033E363 /* AppearanceController.swift in Sources */ = {isa = PBXBuildFile; fileRef = D21C6FDF1F25EEE50033E363 /* AppearanceController.swift */; };
		D21C6FE31F25EF300033E363 /* Color.swift in Sources */ = {isa = PBXBuildFile; fileRef = D21C6FE21F25EF300033E363 /* Color.swift */; };
		D21C6FE51F25F5520033E363 /* Font.swift in Sources */ = {isa = PBXBuildFile; fileRef = D21C6FE41F25F5520033E363 /* Font.swift */; };
		D21C6FE91F260D760033E363 /* R.generated.swift in Sources */ = {isa = PBXBuildFile; fileRef = D21C6FE81F260D760033E363 /* R.generated.swift */; };
		D250D6EA1F26162300C3E2AE /* MapViewController.swift in Sources */ = {isa = PBXBuildFile; fileRef = D250D6E91F26162300C3E2AE /* MapViewController.swift */; };
		D250D6EC1F26164000C3E2AE /* ViewController.swift in Sources */ = {isa = PBXBuildFile; fileRef = D250D6EB1F26164000C3E2AE /* ViewController.swift */; };
		D250D6EE1F2616C900C3E2AE /* PresentMapViewControllerAction.swift in Sources */ = {isa = PBXBuildFile; fileRef = D250D6ED1F2616C900C3E2AE /* PresentMapViewControllerAction.swift */; };
		D250D6F21F261DE000C3E2AE /* Credentials.swift in Sources */ = {isa = PBXBuildFile; fileRef = D250D6F11F261DE000C3E2AE /* Credentials.swift */; };
		D250D6F41F261F0700C3E2AE /* UIView+extension.swift in Sources */ = {isa = PBXBuildFile; fileRef = D250D6F31F261F0700C3E2AE /* UIView+extension.swift */; };
		D250D6F61F262BC700C3E2AE /* LocationView.xib in Resources */ = {isa = PBXBuildFile; fileRef = D250D6F51F262BC700C3E2AE /* LocationView.xib */; };
		D250D6F81F262FF100C3E2AE /* LocationView.swift in Sources */ = {isa = PBXBuildFile; fileRef = D250D6F71F262FF100C3E2AE /* LocationView.swift */; };
		D250D6FA1F263AE200C3E2AE /* AddButton.swift in Sources */ = {isa = PBXBuildFile; fileRef = D250D6F91F263AE200C3E2AE /* AddButton.swift */; };
		D250D6FF1F26998500C3E2AE /* GMSCameraPosition+extension.swift in Sources */ = {isa = PBXBuildFile; fileRef = D250D6FE1F26998500C3E2AE /* GMSCameraPosition+extension.swift */; };
		D250D7011F2699CB00C3E2AE /* Messages.swift in Sources */ = {isa = PBXBuildFile; fileRef = D250D7001F2699CB00C3E2AE /* Messages.swift */; };
		D250D7041F269B3000C3E2AE /* AddNewAddressViewController.swift in Sources */ = {isa = PBXBuildFile; fileRef = D250D7031F269B3000C3E2AE /* AddNewAddressViewController.swift */; };
		D250D7061F269D1200C3E2AE /* GoogleMapViewController.swift in Sources */ = {isa = PBXBuildFile; fileRef = D250D7051F269D1200C3E2AE /* GoogleMapViewController.swift */; };
		D250D7081F26A15D00C3E2AE /* UIViewController+extension.swift in Sources */ = {isa = PBXBuildFile; fileRef = D250D7071F26A15D00C3E2AE /* UIViewController+extension.swift */; };
		D250D70E1F26A67D00C3E2AE /* Address.swift in Sources */ = {isa = PBXBuildFile; fileRef = D250D70D1F26A67D00C3E2AE /* Address.swift */; };
		D250D7101F26A73D00C3E2AE /* PresentAddNewAddressViewControllerAction.swift in Sources */ = {isa = PBXBuildFile; fileRef = D250D70F1F26A73D00C3E2AE /* PresentAddNewAddressViewControllerAction.swift */; };
		D252E7E41F27406B00CE90DD /* Completions.swift in Sources */ = {isa = PBXBuildFile; fileRef = D252E7E31F27406B00CE90DD /* Completions.swift */; };
		D252E7E61F27438200CE90DD /* CustomLocationViewController.swift in Sources */ = {isa = PBXBuildFile; fileRef = D252E7E51F27438200CE90DD /* CustomLocationViewController.swift */; };
		D252E7E81F2763D700CE90DD /* AddressInfoViewController.swift in Sources */ = {isa = PBXBuildFile; fileRef = D252E7E71F2763D700CE90DD /* AddressInfoViewController.swift */; };
		D252E7EA1F27917500CE90DD /* TextField.swift in Sources */ = {isa = PBXBuildFile; fileRef = D252E7E91F27917500CE90DD /* TextField.swift */; };
		D252E7EF1F27971700CE90DD /* TextFieldInfo.swift in Sources */ = {isa = PBXBuildFile; fileRef = D252E7EE1F27971700CE90DD /* TextFieldInfo.swift */; };
		D2A67E531F2844BA00D866D1 /* String+extension.swift in Sources */ = {isa = PBXBuildFile; fileRef = D2A67E521F2844BA00D866D1 /* String+extension.swift */; };
		D2A67E551F2871FF00D866D1 /* WebController.swift in Sources */ = {isa = PBXBuildFile; fileRef = D2A67E541F2871FF00D866D1 /* WebController.swift */; };
		D2A67E581F28751800D866D1 /* FetchAddressInfoController.swift in Sources */ = {isa = PBXBuildFile; fileRef = D2A67E571F28751800D866D1 /* FetchAddressInfoController.swift */; };
		D2A67E5A1F288FE100D866D1 /* NSError+extension.swift in Sources */ = {isa = PBXBuildFile; fileRef = D2A67E591F288FE100D866D1 /* NSError+extension.swift */; };
		D2A67E5C1F289D9300D866D1 /* BPStatusBarAlert+extension.swift in Sources */ = {isa = PBXBuildFile; fileRef = D2A67E5B1F289D9300D866D1 /* BPStatusBarAlert+extension.swift */; };
		D2A67E5E1F28BE9B00D866D1 /* Area.swift in Sources */ = {isa = PBXBuildFile; fileRef = D2A67E5D1F28BE9B00D866D1 /* Area.swift */; };
		D2A67E601F28BEB700D866D1 /* AddressParameters.swift in Sources */ = {isa = PBXBuildFile; fileRef = D2A67E5F1F28BEB700D866D1 /* AddressParameters.swift */; };
		D2A67E621F28BF5E00D866D1 /* TextFieldProvider.swift in Sources */ = {isa = PBXBuildFile; fileRef = D2A67E611F28BF5E00D866D1 /* TextFieldProvider.swift */; };
		D2A67E6A1F28C0DC00D866D1 /* salonyTestTests.swift in Sources */ = {isa = PBXBuildFile; fileRef = D2A67E691F28C0DC00D866D1 /* salonyTestTests.swift */; };
		D2A67E721F28C15900D866D1 /* AddressTest.swift in Sources */ = {isa = PBXBuildFile; fileRef = D2A67E711F28C15900D866D1 /* AddressTest.swift */; };
		D2A67E731F28C17400D866D1 /* Address.swift in Sources */ = {isa = PBXBuildFile; fileRef = D250D70D1F26A67D00C3E2AE /* Address.swift */; };
		D2A67E741F28C26B00D866D1 /* WebController.swift in Sources */ = {isa = PBXBuildFile; fileRef = D2A67E541F2871FF00D866D1 /* WebController.swift */; };
		D2A67E761F28C51800D866D1 /* String+extension.swift in Sources */ = {isa = PBXBuildFile; fileRef = D2A67E751F28C51800D866D1 /* String+extension.swift */; };
		D2A67E771F28C78600D866D1 /* Area.swift in Sources */ = {isa = PBXBuildFile; fileRef = D2A67E5D1F28BE9B00D866D1 /* Area.swift */; };
		D2A67E781F28C78B00D866D1 /* AddressParameters.swift in Sources */ = {isa = PBXBuildFile; fileRef = D2A67E5F1F28BEB700D866D1 /* AddressParameters.swift */; };
		D2A67E7C1F28CA1E00D866D1 /* AreaTest.swift in Sources */ = {isa = PBXBuildFile; fileRef = D2A67E7B1F28CA1E00D866D1 /* AreaTest.swift */; };
		D2A67E7E1F28CE7000D866D1 /* AddressParametersTest.swift in Sources */ = {isa = PBXBuildFile; fileRef = D2A67E7D1F28CE7000D866D1 /* AddressParametersTest.swift */; };
/* End PBXBuildFile section */

/* Begin PBXContainerItemProxy section */
		D2A67E6C1F28C0DC00D866D1 /* PBXContainerItemProxy */ = {
			isa = PBXContainerItemProxy;
			containerPortal = D21C6FC21F25EDBE0033E363 /* Project object */;
			proxyType = 1;
			remoteGlobalIDString = D21C6FC91F25EDBE0033E363;
			remoteInfo = salonyTest;
		};
/* End PBXContainerItemProxy section */

/* Begin PBXFileReference section */
		2F923E91EAF362D9D7F3E392 /* Pods-salonyTest.debug.xcconfig */ = {isa = PBXFileReference; includeInIndex = 1; lastKnownFileType = text.xcconfig; name = "Pods-salonyTest.debug.xcconfig"; path = "Pods/Target Support Files/Pods-salonyTest/Pods-salonyTest.debug.xcconfig"; sourceTree = "<group>"; };
		41EA11C096C1796F0C53EC93 /* Pods_salonyTest.framework */ = {isa = PBXFileReference; explicitFileType = wrapper.framework; includeInIndex = 0; path = Pods_salonyTest.framework; sourceTree = BUILT_PRODUCTS_DIR; };
		4D4D52DCBCB0AB80F84F5A6D /* Pods-salonyTest.release.xcconfig */ = {isa = PBXFileReference; includeInIndex = 1; lastKnownFileType = text.xcconfig; name = "Pods-salonyTest.release.xcconfig"; path = "Pods/Target Support Files/Pods-salonyTest/Pods-salonyTest.release.xcconfig"; sourceTree = "<group>"; };
		D21C6FCA1F25EDBE0033E363 /* salonyTest.app */ = {isa = PBXFileReference; explicitFileType = wrapper.application; includeInIndex = 0; path = salonyTest.app; sourceTree = BUILT_PRODUCTS_DIR; };
		D21C6FCD1F25EDBE0033E363 /* AppDelegate.swift */ = {isa = PBXFileReference; lastKnownFileType = sourcecode.swift; path = AppDelegate.swift; sourceTree = "<group>"; };
		D21C6FD21F25EDBE0033E363 /* Base */ = {isa = PBXFileReference; lastKnownFileType = file.storyboard; name = Base; path = Base.lproj/Main.storyboard; sourceTree = "<group>"; };
		D21C6FD41F25EDBE0033E363 /* Assets.xcassets */ = {isa = PBXFileReference; lastKnownFileType = folder.assetcatalog; path = Assets.xcassets; sourceTree = "<group>"; };
		D21C6FD71F25EDBE0033E363 /* Base */ = {isa = PBXFileReference; lastKnownFileType = file.storyboard; name = Base; path = Base.lproj/LaunchScreen.storyboard; sourceTree = "<group>"; };
		D21C6FD91F25EDBE0033E363 /* Info.plist */ = {isa = PBXFileReference; lastKnownFileType = text.plist.xml; path = Info.plist; sourceTree = "<group>"; };
		D21C6FDF1F25EEE50033E363 /* AppearanceController.swift */ = {isa = PBXFileReference; fileEncoding = 4; lastKnownFileType = sourcecode.swift; path = AppearanceController.swift; sourceTree = "<group>"; };
		D21C6FE21F25EF300033E363 /* Color.swift */ = {isa = PBXFileReference; fileEncoding = 4; lastKnownFileType = sourcecode.swift; path = Color.swift; sourceTree = "<group>"; };
		D21C6FE41F25F5520033E363 /* Font.swift */ = {isa = PBXFileReference; fileEncoding = 4; lastKnownFileType = sourcecode.swift; path = Font.swift; sourceTree = "<group>"; };
		D21C6FE81F260D760033E363 /* R.generated.swift */ = {isa = PBXFileReference; fileEncoding = 4; lastKnownFileType = sourcecode.swift; path = R.generated.swift; sourceTree = SOURCE_ROOT; };
		D250D6E91F26162300C3E2AE /* MapViewController.swift */ = {isa = PBXFileReference; fileEncoding = 4; lastKnownFileType = sourcecode.swift; path = MapViewController.swift; sourceTree = "<group>"; };
		D250D6EB1F26164000C3E2AE /* ViewController.swift */ = {isa = PBXFileReference; fileEncoding = 4; lastKnownFileType = sourcecode.swift; path = ViewController.swift; sourceTree = "<group>"; };
		D250D6ED1F2616C900C3E2AE /* PresentMapViewControllerAction.swift */ = {isa = PBXFileReference; fileEncoding = 4; lastKnownFileType = sourcecode.swift; path = PresentMapViewControllerAction.swift; sourceTree = "<group>"; };
		D250D6F11F261DE000C3E2AE /* Credentials.swift */ = {isa = PBXFileReference; fileEncoding = 4; lastKnownFileType = sourcecode.swift; path = Credentials.swift; sourceTree = "<group>"; };
		D250D6F31F261F0700C3E2AE /* UIView+extension.swift */ = {isa = PBXFileReference; fileEncoding = 4; lastKnownFileType = sourcecode.swift; path = "UIView+extension.swift"; sourceTree = "<group>"; };
		D250D6F51F262BC700C3E2AE /* LocationView.xib */ = {isa = PBXFileReference; fileEncoding = 4; lastKnownFileType = file.xib; path = LocationView.xib; sourceTree = "<group>"; };
		D250D6F71F262FF100C3E2AE /* LocationView.swift */ = {isa = PBXFileReference; fileEncoding = 4; lastKnownFileType = sourcecode.swift; path = LocationView.swift; sourceTree = "<group>"; };
		D250D6F91F263AE200C3E2AE /* AddButton.swift */ = {isa = PBXFileReference; fileEncoding = 4; lastKnownFileType = sourcecode.swift; path = AddButton.swift; sourceTree = "<group>"; };
		D250D6FE1F26998500C3E2AE /* GMSCameraPosition+extension.swift */ = {isa = PBXFileReference; fileEncoding = 4; lastKnownFileType = sourcecode.swift; path = "GMSCameraPosition+extension.swift"; sourceTree = "<group>"; };
		D250D7001F2699CB00C3E2AE /* Messages.swift */ = {isa = PBXFileReference; fileEncoding = 4; lastKnownFileType = sourcecode.swift; path = Messages.swift; sourceTree = "<group>"; };
		D250D7031F269B3000C3E2AE /* AddNewAddressViewController.swift */ = {isa = PBXFileReference; fileEncoding = 4; lastKnownFileType = sourcecode.swift; path = AddNewAddressViewController.swift; sourceTree = "<group>"; };
		D250D7051F269D1200C3E2AE /* GoogleMapViewController.swift */ = {isa = PBXFileReference; fileEncoding = 4; lastKnownFileType = sourcecode.swift; path = GoogleMapViewController.swift; sourceTree = "<group>"; };
		D250D7071F26A15D00C3E2AE /* UIViewController+extension.swift */ = {isa = PBXFileReference; fileEncoding = 4; lastKnownFileType = sourcecode.swift; path = "UIViewController+extension.swift"; sourceTree = "<group>"; };
		D250D70D1F26A67D00C3E2AE /* Address.swift */ = {isa = PBXFileReference; fileEncoding = 4; lastKnownFileType = sourcecode.swift; path = Address.swift; sourceTree = "<group>"; };
		D250D70F1F26A73D00C3E2AE /* PresentAddNewAddressViewControllerAction.swift */ = {isa = PBXFileReference; fileEncoding = 4; lastKnownFileType = sourcecode.swift; path = PresentAddNewAddressViewControllerAction.swift; sourceTree = "<group>"; };
		D252E7E31F27406B00CE90DD /* Completions.swift */ = {isa = PBXFileReference; fileEncoding = 4; lastKnownFileType = sourcecode.swift; path = Completions.swift; sourceTree = "<group>"; };
		D252E7E51F27438200CE90DD /* CustomLocationViewController.swift */ = {isa = PBXFileReference; fileEncoding = 4; lastKnownFileType = sourcecode.swift; path = CustomLocationViewController.swift; sourceTree = "<group>"; };
		D252E7E71F2763D700CE90DD /* AddressInfoViewController.swift */ = {isa = PBXFileReference; fileEncoding = 4; lastKnownFileType = sourcecode.swift; path = AddressInfoViewController.swift; sourceTree = "<group>"; };
		D252E7E91F27917500CE90DD /* TextField.swift */ = {isa = PBXFileReference; fileEncoding = 4; lastKnownFileType = sourcecode.swift; path = TextField.swift; sourceTree = "<group>"; };
		D252E7EB1F27920D00CE90DD /* salonyTest-Bridging-Header.h */ = {isa = PBXFileReference; lastKnownFileType = sourcecode.c.h; path = "salonyTest-Bridging-Header.h"; sourceTree = "<group>"; };
		D252E7EE1F27971700CE90DD /* TextFieldInfo.swift */ = {isa = PBXFileReference; fileEncoding = 4; lastKnownFileType = sourcecode.swift; path = TextFieldInfo.swift; sourceTree = "<group>"; };
		D2A67E521F2844BA00D866D1 /* String+extension.swift */ = {isa = PBXFileReference; fileEncoding = 4; lastKnownFileType = sourcecode.swift; path = "String+extension.swift"; sourceTree = "<group>"; };
		D2A67E541F2871FF00D866D1 /* WebController.swift */ = {isa = PBXFileReference; fileEncoding = 4; lastKnownFileType = sourcecode.swift; path = WebController.swift; sourceTree = "<group>"; };
		D2A67E571F28751800D866D1 /* FetchAddressInfoController.swift */ = {isa = PBXFileReference; fileEncoding = 4; lastKnownFileType = sourcecode.swift; path = FetchAddressInfoController.swift; sourceTree = "<group>"; };
		D2A67E591F288FE100D866D1 /* NSError+extension.swift */ = {isa = PBXFileReference; fileEncoding = 4; lastKnownFileType = sourcecode.swift; path = "NSError+extension.swift"; sourceTree = "<group>"; };
		D2A67E5B1F289D9300D866D1 /* BPStatusBarAlert+extension.swift */ = {isa = PBXFileReference; fileEncoding = 4; lastKnownFileType = sourcecode.swift; path = "BPStatusBarAlert+extension.swift"; sourceTree = "<group>"; };
		D2A67E5D1F28BE9B00D866D1 /* Area.swift */ = {isa = PBXFileReference; fileEncoding = 4; lastKnownFileType = sourcecode.swift; path = Area.swift; sourceTree = "<group>"; };
		D2A67E5F1F28BEB700D866D1 /* AddressParameters.swift */ = {isa = PBXFileReference; fileEncoding = 4; lastKnownFileType = sourcecode.swift; path = AddressParameters.swift; sourceTree = "<group>"; };
		D2A67E611F28BF5E00D866D1 /* TextFieldProvider.swift */ = {isa = PBXFileReference; fileEncoding = 4; lastKnownFileType = sourcecode.swift; path = TextFieldProvider.swift; sourceTree = "<group>"; };
		D2A67E671F28C0DC00D866D1 /* salonyTestTests.xctest */ = {isa = PBXFileReference; explicitFileType = wrapper.cfbundle; includeInIndex = 0; path = salonyTestTests.xctest; sourceTree = BUILT_PRODUCTS_DIR; };
		D2A67E691F28C0DC00D866D1 /* salonyTestTests.swift */ = {isa = PBXFileReference; lastKnownFileType = sourcecode.swift; path = salonyTestTests.swift; sourceTree = "<group>"; };
		D2A67E6B1F28C0DC00D866D1 /* Info.plist */ = {isa = PBXFileReference; lastKnownFileType = text.plist.xml; path = Info.plist; sourceTree = "<group>"; };
		D2A67E711F28C15900D866D1 /* AddressTest.swift */ = {isa = PBXFileReference; fileEncoding = 4; lastKnownFileType = sourcecode.swift; path = AddressTest.swift; sourceTree = "<group>"; };
		D2A67E751F28C51800D866D1 /* String+extension.swift */ = {isa = PBXFileReference; fileEncoding = 4; lastKnownFileType = sourcecode.swift; path = "String+extension.swift"; sourceTree = "<group>"; };
		D2A67E7B1F28CA1E00D866D1 /* AreaTest.swift */ = {isa = PBXFileReference; fileEncoding = 4; lastKnownFileType = sourcecode.swift; path = AreaTest.swift; sourceTree = "<group>"; };
		D2A67E7D1F28CE7000D866D1 /* AddressParametersTest.swift */ = {isa = PBXFileReference; fileEncoding = 4; lastKnownFileType = sourcecode.swift; path = AddressParametersTest.swift; sourceTree = "<group>"; };
/* End PBXFileReference section */

/* Begin PBXFrameworksBuildPhase section */
		D21C6FC71F25EDBE0033E363 /* Frameworks */ = {
			isa = PBXFrameworksBuildPhase;
			buildActionMask = 2147483647;
			files = (
				2B3DABC32B1396C5C2BE5F46 /* Pods_salonyTest.framework in Frameworks */,
			);
			runOnlyForDeploymentPostprocessing = 0;
		};
		D2A67E641F28C0DC00D866D1 /* Frameworks */ = {
			isa = PBXFrameworksBuildPhase;
			buildActionMask = 2147483647;
			files = (
			);
			runOnlyForDeploymentPostprocessing = 0;
		};
/* End PBXFrameworksBuildPhase section */

/* Begin PBXGroup section */
		01177F1193285D1B094FE368 /* Pods */ = {
			isa = PBXGroup;
			children = (
				2F923E91EAF362D9D7F3E392 /* Pods-salonyTest.debug.xcconfig */,
				4D4D52DCBCB0AB80F84F5A6D /* Pods-salonyTest.release.xcconfig */,
			);
			name = Pods;
			sourceTree = "<group>";
		};
		7C213769072B6385B888173D /* Frameworks */ = {
			isa = PBXGroup;
			children = (
				41EA11C096C1796F0C53EC93 /* Pods_salonyTest.framework */,
			);
			name = Frameworks;
			sourceTree = "<group>";
		};
		D21C6FC11F25EDBE0033E363 = {
			isa = PBXGroup;
			children = (
				D21C6FCC1F25EDBE0033E363 /* salonyTest */,
				D21C6FE71F260D5C0033E363 /* Resources */,
				D2A67E681F28C0DC00D866D1 /* salonyTestTests */,
				D21C6FCB1F25EDBE0033E363 /* Products */,
				01177F1193285D1B094FE368 /* Pods */,
				7C213769072B6385B888173D /* Frameworks */,
			);
			sourceTree = "<group>";
		};
		D21C6FCB1F25EDBE0033E363 /* Products */ = {
			isa = PBXGroup;
			children = (
				D21C6FCA1F25EDBE0033E363 /* salonyTest.app */,
				D2A67E671F28C0DC00D866D1 /* salonyTestTests.xctest */,
			);
			name = Products;
			sourceTree = "<group>";
		};
		D21C6FCC1F25EDBE0033E363 /* salonyTest */ = {
			isa = PBXGroup;
			children = (
				D2A67E561F28748D00D866D1 /* Networking */,
				D250D70C1F26A67000C3E2AE /* Models */,
				D250D6FD1F26997200C3E2AE /* Extensions */,
				D250D6F01F261DC200C3E2AE /* Helpers */,
				D21C6FE11F25EEEB0033E363 /* UI */,
				D250D6E71F26160400C3E2AE /* App */,
				D21C6FCD1F25EDBE0033E363 /* AppDelegate.swift */,
				D21C6FD11F25EDBE0033E363 /* Main.storyboard */,
				D21C6FD61F25EDBE0033E363 /* LaunchScreen.storyboard */,
				D21C6FD91F25EDBE0033E363 /* Info.plist */,
			);
			path = salonyTest;
			sourceTree = "<group>";
		};
		D21C6FE11F25EEEB0033E363 /* UI */ = {
			isa = PBXGroup;
			children = (
				D250D7091F26A51700C3E2AE /* Controllers */,
				D21C6FDF1F25EEE50033E363 /* AppearanceController.swift */,
				D21C6FE21F25EF300033E363 /* Color.swift */,
				D21C6FE41F25F5520033E363 /* Font.swift */,
				D250D6EB1F26164000C3E2AE /* ViewController.swift */,
				D250D6F31F261F0700C3E2AE /* UIView+extension.swift */,
				D250D6F71F262FF100C3E2AE /* LocationView.swift */,
				D250D6F91F263AE200C3E2AE /* AddButton.swift */,
				D250D7071F26A15D00C3E2AE /* UIViewController+extension.swift */,
				D252E7E91F27917500CE90DD /* TextField.swift */,
			);
			name = UI;
			sourceTree = "<group>";
		};
		D21C6FE71F260D5C0033E363 /* Resources */ = {
			isa = PBXGroup;
			children = (
				D250D6F51F262BC700C3E2AE /* LocationView.xib */,
				D21C6FD41F25EDBE0033E363 /* Assets.xcassets */,
				D21C6FE81F260D760033E363 /* R.generated.swift */,
				D252E7EB1F27920D00CE90DD /* salonyTest-Bridging-Header.h */,
			);
			name = Resources;
			path = salonyTest;
			sourceTree = "<group>";
		};
		D250D6E71F26160400C3E2AE /* App */ = {
			isa = PBXGroup;
			children = (
				D250D6EF1F2616D100C3E2AE /* Actions */,
				D250D7021F269AF200C3E2AE /* AddNewAddress */,
				D250D6E81F26161100C3E2AE /* MapScreen */,
			);
			name = App;
			sourceTree = "<group>";
		};
		D250D6E81F26161100C3E2AE /* MapScreen */ = {
			isa = PBXGroup;
			children = (
				D250D6E91F26162300C3E2AE /* MapViewController.swift */,
			);
			name = MapScreen;
			sourceTree = "<group>";
		};
		D250D6EF1F2616D100C3E2AE /* Actions */ = {
			isa = PBXGroup;
			children = (
				D250D6ED1F2616C900C3E2AE /* PresentMapViewControllerAction.swift */,
				D250D70F1F26A73D00C3E2AE /* PresentAddNewAddressViewControllerAction.swift */,
			);
			name = Actions;
			sourceTree = "<group>";
		};
		D250D6F01F261DC200C3E2AE /* Helpers */ = {
			isa = PBXGroup;
			children = (
				D250D6F11F261DE000C3E2AE /* Credentials.swift */,
				D250D7001F2699CB00C3E2AE /* Messages.swift */,
				D252E7E31F27406B00CE90DD /* Completions.swift */,
				D2A67E541F2871FF00D866D1 /* WebController.swift */,
			);
			name = Helpers;
			sourceTree = "<group>";
		};
		D250D6FD1F26997200C3E2AE /* Extensions */ = {
			isa = PBXGroup;
			children = (
				D250D6FE1F26998500C3E2AE /* GMSCameraPosition+extension.swift */,
				D2A67E521F2844BA00D866D1 /* String+extension.swift */,
				D2A67E591F288FE100D866D1 /* NSError+extension.swift */,
				D2A67E5B1F289D9300D866D1 /* BPStatusBarAlert+extension.swift */,
			);
			name = Extensions;
			sourceTree = "<group>";
		};
		D250D7021F269AF200C3E2AE /* AddNewAddress */ = {
			isa = PBXGroup;
			children = (
				D250D7031F269B3000C3E2AE /* AddNewAddressViewController.swift */,
				D252E7EE1F27971700CE90DD /* TextFieldInfo.swift */,
				D2A67E611F28BF5E00D866D1 /* TextFieldProvider.swift */,
			);
			name = AddNewAddress;
			sourceTree = "<group>";
		};
		D250D7091F26A51700C3E2AE /* Controllers */ = {
			isa = PBXGroup;
			children = (
				D250D7051F269D1200C3E2AE /* GoogleMapViewController.swift */,
				D252E7E51F27438200CE90DD /* CustomLocationViewController.swift */,
				D252E7E71F2763D700CE90DD /* AddressInfoViewController.swift */,
			);
			name = Controllers;
			sourceTree = "<group>";
		};
		D250D70C1F26A67000C3E2AE /* Models */ = {
			isa = PBXGroup;
			children = (
				D250D70D1F26A67D00C3E2AE /* Address.swift */,
				D2A67E5D1F28BE9B00D866D1 /* Area.swift */,
				D2A67E5F1F28BEB700D866D1 /* AddressParameters.swift */,
			);
			name = Models;
			sourceTree = "<group>";
		};
		D2A67E561F28748D00D866D1 /* Networking */ = {
			isa = PBXGroup;
			children = (
				D2A67E571F28751800D866D1 /* FetchAddressInfoController.swift */,
			);
			name = Networking;
			sourceTree = "<group>";
		};
		D2A67E681F28C0DC00D866D1 /* salonyTestTests */ = {
			isa = PBXGroup;
			children = (
				D2A67E691F28C0DC00D866D1 /* salonyTestTests.swift */,
				D2A67E6B1F28C0DC00D866D1 /* Info.plist */,
				D2A67E711F28C15900D866D1 /* AddressTest.swift */,
				D2A67E751F28C51800D866D1 /* String+extension.swift */,
				D2A67E7B1F28CA1E00D866D1 /* AreaTest.swift */,
				D2A67E7D1F28CE7000D866D1 /* AddressParametersTest.swift */,
			);
			path = salonyTestTests;
			sourceTree = "<group>";
		};
/* End PBXGroup section */

/* Begin PBXNativeTarget section */
		D21C6FC91F25EDBE0033E363 /* salonyTest */ = {
			isa = PBXNativeTarget;
			buildConfigurationList = D21C6FDC1F25EDBE0033E363 /* Build configuration list for PBXNativeTarget "salonyTest" */;
			buildPhases = (
				5D515DCC345224A4C25482AD /* [CP] Check Pods Manifest.lock */,
				D21C6FE61F260D060033E363 /* ShellScript */,
				D250D6E61F26152B00C3E2AE /* ShellScript */,
				D21C6FC61F25EDBE0033E363 /* Sources */,
				D21C6FC71F25EDBE0033E363 /* Frameworks */,
				D21C6FC81F25EDBE0033E363 /* Resources */,
				C65EE2A27D83B4FDE895B4C7 /* [CP] Embed Pods Frameworks */,
				284721525C12B6443EC3A864 /* [CP] Copy Pods Resources */,
			);
			buildRules = (
			);
			dependencies = (
			);
			name = salonyTest;
			productName = salonyTest;
			productReference = D21C6FCA1F25EDBE0033E363 /* salonyTest.app */;
			productType = "com.apple.product-type.application";
		};
		D2A67E661F28C0DC00D866D1 /* salonyTestTests */ = {
			isa = PBXNativeTarget;
			buildConfigurationList = D2A67E701F28C0DC00D866D1 /* Build configuration list for PBXNativeTarget "salonyTestTests" */;
			buildPhases = (
				D2A67E631F28C0DC00D866D1 /* Sources */,
				D2A67E641F28C0DC00D866D1 /* Frameworks */,
				D2A67E651F28C0DC00D866D1 /* Resources */,
			);
			buildRules = (
			);
			dependencies = (
				D2A67E6D1F28C0DC00D866D1 /* PBXTargetDependency */,
			);
			name = salonyTestTests;
			productName = salonyTestTests;
			productReference = D2A67E671F28C0DC00D866D1 /* salonyTestTests.xctest */;
			productType = "com.apple.product-type.bundle.unit-test";
		};
/* End PBXNativeTarget section */

/* Begin PBXProject section */
		D21C6FC21F25EDBE0033E363 /* Project object */ = {
			isa = PBXProject;
			attributes = {
				LastSwiftUpdateCheck = 0830;
				LastUpgradeCheck = 0830;
				ORGANIZATIONNAME = SambackInc;
				TargetAttributes = {
					D21C6FC91F25EDBE0033E363 = {
						CreatedOnToolsVersion = 8.3.3;
						DevelopmentTeam = 2AUX883V6A;
						LastSwiftMigration = 0830;
						ProvisioningStyle = Automatic;
					};
					D2A67E661F28C0DC00D866D1 = {
						CreatedOnToolsVersion = 8.3.3;
						DevelopmentTeam = 2AUX883V6A;
						ProvisioningStyle = Automatic;
						TestTargetID = D21C6FC91F25EDBE0033E363;
					};
				};
			};
			buildConfigurationList = D21C6FC51F25EDBE0033E363 /* Build configuration list for PBXProject "salonyTest" */;
			compatibilityVersion = "Xcode 3.2";
			developmentRegion = English;
			hasScannedForEncodings = 0;
			knownRegions = (
				en,
				Base,
			);
			mainGroup = D21C6FC11F25EDBE0033E363;
			productRefGroup = D21C6FCB1F25EDBE0033E363 /* Products */;
			projectDirPath = "";
			projectRoot = "";
			targets = (
				D21C6FC91F25EDBE0033E363 /* salonyTest */,
				D2A67E661F28C0DC00D866D1 /* salonyTestTests */,
			);
		};
/* End PBXProject section */

/* Begin PBXResourcesBuildPhase section */
		D21C6FC81F25EDBE0033E363 /* Resources */ = {
			isa = PBXResourcesBuildPhase;
			buildActionMask = 2147483647;
			files = (
				D21C6FD81F25EDBE0033E363 /* LaunchScreen.storyboard in Resources */,
				D21C6FD51F25EDBE0033E363 /* Assets.xcassets in Resources */,
				D250D6F61F262BC700C3E2AE /* LocationView.xib in Resources */,
				D21C6FD31F25EDBE0033E363 /* Main.storyboard in Resources */,
			);
			runOnlyForDeploymentPostprocessing = 0;
		};
		D2A67E651F28C0DC00D866D1 /* Resources */ = {
			isa = PBXResourcesBuildPhase;
			buildActionMask = 2147483647;
			files = (
			);
			runOnlyForDeploymentPostprocessing = 0;
		};
/* End PBXResourcesBuildPhase section */

/* Begin PBXShellScriptBuildPhase section */
		284721525C12B6443EC3A864 /* [CP] Copy Pods Resources */ = {
			isa = PBXShellScriptBuildPhase;
			buildActionMask = 2147483647;
			files = (
			);
			inputPaths = (
			);
			name = "[CP] Copy Pods Resources";
			outputPaths = (
			);
			runOnlyForDeploymentPostprocessing = 0;
			shellPath = /bin/sh;
			shellScript = "\"${SRCROOT}/Pods/Target Support Files/Pods-salonyTest/Pods-salonyTest-resources.sh\"\n";
			showEnvVarsInLog = 0;
		};
		5D515DCC345224A4C25482AD /* [CP] Check Pods Manifest.lock */ = {
			isa = PBXShellScriptBuildPhase;
			buildActionMask = 2147483647;
			files = (
			);
			inputPaths = (
			);
			name = "[CP] Check Pods Manifest.lock";
			outputPaths = (
			);
			runOnlyForDeploymentPostprocessing = 0;
			shellPath = /bin/sh;
			shellScript = "diff \"${PODS_PODFILE_DIR_PATH}/Podfile.lock\" \"${PODS_ROOT}/Manifest.lock\" > /dev/null\nif [ $? != 0 ] ; then\n    # print error to STDERR\n    echo \"error: The sandbox is not in sync with the Podfile.lock. Run 'pod install' or update your CocoaPods installation.\" >&2\n    exit 1\nfi\n";
			showEnvVarsInLog = 0;
		};
		C65EE2A27D83B4FDE895B4C7 /* [CP] Embed Pods Frameworks */ = {
			isa = PBXShellScriptBuildPhase;
			buildActionMask = 2147483647;
			files = (
			);
			inputPaths = (
			);
			name = "[CP] Embed Pods Frameworks";
			outputPaths = (
			);
			runOnlyForDeploymentPostprocessing = 0;
			shellPath = /bin/sh;
			shellScript = "\"${SRCROOT}/Pods/Target Support Files/Pods-salonyTest/Pods-salonyTest-frameworks.sh\"\n";
			showEnvVarsInLog = 0;
		};
		D21C6FE61F260D060033E363 /* ShellScript */ = {
			isa = PBXShellScriptBuildPhase;
			buildActionMask = 2147483647;
			files = (
			);
			inputPaths = (
			);
			outputPaths = (
			);
			runOnlyForDeploymentPostprocessing = 0;
			shellPath = /bin/sh;
			shellScript = "\"$PODS_ROOT/R.swift/rswift\" \"$SRCROOT\"";
		};
		D250D6E61F26152B00C3E2AE /* ShellScript */ = {
			isa = PBXShellScriptBuildPhase;
			buildActionMask = 2147483647;
			files = (
			);
			inputPaths = (
			);
			outputPaths = (
			);
			runOnlyForDeploymentPostprocessing = 0;
			shellPath = /bin/sh;
			shellScript = "\"${PODS_ROOT}/SwiftLint/swiftlint\"";
		};
/* End PBXShellScriptBuildPhase section */

/* Begin PBXSourcesBuildPhase section */
		D21C6FC61F25EDBE0033E363 /* Sources */ = {
			isa = PBXSourcesBuildPhase;
			buildActionMask = 2147483647;
			files = (
				D250D6F41F261F0700C3E2AE /* UIView+extension.swift in Sources */,
				D252E7E61F27438200CE90DD /* CustomLocationViewController.swift in Sources */,
				D252E7EA1F27917500CE90DD /* TextField.swift in Sources */,
				D250D7081F26A15D00C3E2AE /* UIViewController+extension.swift in Sources */,
				D21C6FE51F25F5520033E363 /* Font.swift in Sources */,
				D250D6EA1F26162300C3E2AE /* MapViewController.swift in Sources */,
				D2A67E621F28BF5E00D866D1 /* TextFieldProvider.swift in Sources */,
				D252E7EF1F27971700CE90DD /* TextFieldInfo.swift in Sources */,
				D250D6FA1F263AE200C3E2AE /* AddButton.swift in Sources */,
				D21C6FCE1F25EDBE0033E363 /* AppDelegate.swift in Sources */,
				D2A67E581F28751800D866D1 /* FetchAddressInfoController.swift in Sources */,
				D2A67E5E1F28BE9B00D866D1 /* Area.swift in Sources */,
				D250D6F21F261DE000C3E2AE /* Credentials.swift in Sources */,
				D250D7011F2699CB00C3E2AE /* Messages.swift in Sources */,
				D2A67E5C1F289D9300D866D1 /* BPStatusBarAlert+extension.swift in Sources */,
				D2A67E531F2844BA00D866D1 /* String+extension.swift in Sources */,
				D250D7061F269D1200C3E2AE /* GoogleMapViewController.swift in Sources */,
				D250D6EE1F2616C900C3E2AE /* PresentMapViewControllerAction.swift in Sources */,
				D250D6F81F262FF100C3E2AE /* LocationView.swift in Sources */,
				D250D6EC1F26164000C3E2AE /* ViewController.swift in Sources */,
				D252E7E41F27406B00CE90DD /* Completions.swift in Sources */,
				D250D70E1F26A67D00C3E2AE /* Address.swift in Sources */,
				D21C6FE91F260D760033E363 /* R.generated.swift in Sources */,
				D250D7041F269B3000C3E2AE /* AddNewAddressViewController.swift in Sources */,
				D250D6FF1F26998500C3E2AE /* GMSCameraPosition+extension.swift in Sources */,
				D252E7E81F2763D700CE90DD /* AddressInfoViewController.swift in Sources */,
				D21C6FE01F25EEE50033E363 /* AppearanceController.swift in Sources */,
				D21C6FE31F25EF300033E363 /* Color.swift in Sources */,
				D250D7101F26A73D00C3E2AE /* PresentAddNewAddressViewControllerAction.swift in Sources */,
				D2A67E601F28BEB700D866D1 /* AddressParameters.swift in Sources */,
				D2A67E5A1F288FE100D866D1 /* NSError+extension.swift in Sources */,
				D2A67E551F2871FF00D866D1 /* WebController.swift in Sources */,
			);
			runOnlyForDeploymentPostprocessing = 0;
		};
		D2A67E631F28C0DC00D866D1 /* Sources */ = {
			isa = PBXSourcesBuildPhase;
			buildActionMask = 2147483647;
			files = (
				D2A67E741F28C26B00D866D1 /* WebController.swift in Sources */,
				D2A67E761F28C51800D866D1 /* String+extension.swift in Sources */,
				D2A67E7C1F28CA1E00D866D1 /* AreaTest.swift in Sources */,
				D2A67E7E1F28CE7000D866D1 /* AddressParametersTest.swift in Sources */,
				D2A67E731F28C17400D866D1 /* Address.swift in Sources */,
				D2A67E721F28C15900D866D1 /* AddressTest.swift in Sources */,
				D2A67E771F28C78600D866D1 /* Area.swift in Sources */,
				D2A67E781F28C78B00D866D1 /* AddressParameters.swift in Sources */,
				D2A67E6A1F28C0DC00D866D1 /* salonyTestTests.swift in Sources */,
			);
			runOnlyForDeploymentPostprocessing = 0;
		};
/* End PBXSourcesBuildPhase section */

/* Begin PBXTargetDependency section */
		D2A67E6D1F28C0DC00D866D1 /* PBXTargetDependency */ = {
			isa = PBXTargetDependency;
			target = D21C6FC91F25EDBE0033E363 /* salonyTest */;
			targetProxy = D2A67E6C1F28C0DC00D866D1 /* PBXContainerItemProxy */;
		};
/* End PBXTargetDependency section */

/* Begin PBXVariantGroup section */
		D21C6FD11F25EDBE0033E363 /* Main.storyboard */ = {
			isa = PBXVariantGroup;
			children = (
				D21C6FD21F25EDBE0033E363 /* Base */,
			);
			name = Main.storyboard;
			sourceTree = "<group>";
		};
		D21C6FD61F25EDBE0033E363 /* LaunchScreen.storyboard */ = {
			isa = PBXVariantGroup;
			children = (
				D21C6FD71F25EDBE0033E363 /* Base */,
			);
			name = LaunchScreen.storyboard;
			sourceTree = "<group>";
		};
/* End PBXVariantGroup section */

/* Begin XCBuildConfiguration section */
		D21C6FDA1F25EDBE0033E363 /* Debug */ = {
			isa = XCBuildConfiguration;
			buildSettings = {
				ALWAYS_SEARCH_USER_PATHS = NO;
				CLANG_ANALYZER_NONNULL = YES;
				CLANG_ANALYZER_NUMBER_OBJECT_CONVERSION = YES_AGGRESSIVE;
				CLANG_CXX_LANGUAGE_STANDARD = "gnu++0x";
				CLANG_CXX_LIBRARY = "libc++";
				CLANG_ENABLE_MODULES = YES;
				CLANG_ENABLE_OBJC_ARC = YES;
				CLANG_WARN_BOOL_CONVERSION = YES;
				CLANG_WARN_CONSTANT_CONVERSION = YES;
				CLANG_WARN_DIRECT_OBJC_ISA_USAGE = YES_ERROR;
				CLANG_WARN_DOCUMENTATION_COMMENTS = YES;
				CLANG_WARN_EMPTY_BODY = YES;
				CLANG_WARN_ENUM_CONVERSION = YES;
				CLANG_WARN_INFINITE_RECURSION = YES;
				CLANG_WARN_INT_CONVERSION = YES;
				CLANG_WARN_OBJC_ROOT_CLASS = YES_ERROR;
				CLANG_WARN_SUSPICIOUS_MOVE = YES;
				CLANG_WARN_UNREACHABLE_CODE = YES;
				CLANG_WARN__DUPLICATE_METHOD_MATCH = YES;
				"CODE_SIGN_IDENTITY[sdk=iphoneos*]" = "iPhone Developer";
				COPY_PHASE_STRIP = NO;
				DEBUG_INFORMATION_FORMAT = dwarf;
				ENABLE_STRICT_OBJC_MSGSEND = YES;
				ENABLE_TESTABILITY = YES;
				GCC_C_LANGUAGE_STANDARD = gnu99;
				GCC_DYNAMIC_NO_PIC = NO;
				GCC_NO_COMMON_BLOCKS = YES;
				GCC_OPTIMIZATION_LEVEL = 0;
				GCC_PREPROCESSOR_DEFINITIONS = (
					"DEBUG=1",
					"$(inherited)",
				);
				GCC_WARN_64_TO_32_BIT_CONVERSION = YES;
				GCC_WARN_ABOUT_RETURN_TYPE = YES_ERROR;
				GCC_WARN_UNDECLARED_SELECTOR = YES;
				GCC_WARN_UNINITIALIZED_AUTOS = YES_AGGRESSIVE;
				GCC_WARN_UNUSED_FUNCTION = YES;
				GCC_WARN_UNUSED_VARIABLE = YES;
				IPHONEOS_DEPLOYMENT_TARGET = 10.3;
				MTL_ENABLE_DEBUG_INFO = YES;
				ONLY_ACTIVE_ARCH = YES;
				SDKROOT = iphoneos;
				SWIFT_ACTIVE_COMPILATION_CONDITIONS = DEBUG;
				SWIFT_OPTIMIZATION_LEVEL = "-Onone";
			};
			name = Debug;
		};
		D21C6FDB1F25EDBE0033E363 /* Release */ = {
			isa = XCBuildConfiguration;
			buildSettings = {
				ALWAYS_SEARCH_USER_PATHS = NO;
				CLANG_ANALYZER_NONNULL = YES;
				CLANG_ANALYZER_NUMBER_OBJECT_CONVERSION = YES_AGGRESSIVE;
				CLANG_CXX_LANGUAGE_STANDARD = "gnu++0x";
				CLANG_CXX_LIBRARY = "libc++";
				CLANG_ENABLE_MODULES = YES;
				CLANG_ENABLE_OBJC_ARC = YES;
				CLANG_WARN_BOOL_CONVERSION = YES;
				CLANG_WARN_CONSTANT_CONVERSION = YES;
				CLANG_WARN_DIRECT_OBJC_ISA_USAGE = YES_ERROR;
				CLANG_WARN_DOCUMENTATION_COMMENTS = YES;
				CLANG_WARN_EMPTY_BODY = YES;
				CLANG_WARN_ENUM_CONVERSION = YES;
				CLANG_WARN_INFINITE_RECURSION = YES;
				CLANG_WARN_INT_CONVERSION = YES;
				CLANG_WARN_OBJC_ROOT_CLASS = YES_ERROR;
				CLANG_WARN_SUSPICIOUS_MOVE = YES;
				CLANG_WARN_UNREACHABLE_CODE = YES;
				CLANG_WARN__DUPLICATE_METHOD_MATCH = YES;
				"CODE_SIGN_IDENTITY[sdk=iphoneos*]" = "iPhone Developer";
				COPY_PHASE_STRIP = NO;
				DEBUG_INFORMATION_FORMAT = "dwarf-with-dsym";
				ENABLE_NS_ASSERTIONS = NO;
				ENABLE_STRICT_OBJC_MSGSEND = YES;
				GCC_C_LANGUAGE_STANDARD = gnu99;
				GCC_NO_COMMON_BLOCKS = YES;
				GCC_WARN_64_TO_32_BIT_CONVERSION = YES;
				GCC_WARN_ABOUT_RETURN_TYPE = YES_ERROR;
				GCC_WARN_UNDECLARED_SELECTOR = YES;
				GCC_WARN_UNINITIALIZED_AUTOS = YES_AGGRESSIVE;
				GCC_WARN_UNUSED_FUNCTION = YES;
				GCC_WARN_UNUSED_VARIABLE = YES;
				IPHONEOS_DEPLOYMENT_TARGET = 10.3;
				MTL_ENABLE_DEBUG_INFO = NO;
				SDKROOT = iphoneos;
				SWIFT_OPTIMIZATION_LEVEL = "-Owholemodule";
				VALIDATE_PRODUCT = YES;
			};
			name = Release;
		};
		D21C6FDD1F25EDBE0033E363 /* Debug */ = {
			isa = XCBuildConfiguration;
			baseConfigurationReference = 2F923E91EAF362D9D7F3E392 /* Pods-salonyTest.debug.xcconfig */;
			buildSettings = {
				ASSETCATALOG_COMPILER_APPICON_NAME = AppIcon;
				CLANG_ENABLE_MODULES = YES;
				DEVELOPMENT_TEAM = 2AUX883V6A;
				INFOPLIST_FILE = salonyTest/Info.plist;
				IPHONEOS_DEPLOYMENT_TARGET = 10.0;
				LD_RUNPATH_SEARCH_PATHS = "$(inherited) @executable_path/Frameworks";
				PRODUCT_BUNDLE_IDENTIFIER = com.samback.salonyTest;
				PRODUCT_NAME = "$(TARGET_NAME)";
				SWIFT_OBJC_BRIDGING_HEADER = "salonyTest/salonyTest-Bridging-Header.h";
				SWIFT_OPTIMIZATION_LEVEL = "-Onone";
				SWIFT_VERSION = 3.0;
			};
			name = Debug;
		};
		D21C6FDE1F25EDBE0033E363 /* Release */ = {
			isa = XCBuildConfiguration;
			baseConfigurationReference = 4D4D52DCBCB0AB80F84F5A6D /* Pods-salonyTest.release.xcconfig */;
			buildSettings = {
				ASSETCATALOG_COMPILER_APPICON_NAME = AppIcon;
				CLANG_ENABLE_MODULES = YES;
				DEVELOPMENT_TEAM = 2AUX883V6A;
				INFOPLIST_FILE = salonyTest/Info.plist;
				IPHONEOS_DEPLOYMENT_TARGET = 10.0;
				LD_RUNPATH_SEARCH_PATHS = "$(inherited) @executable_path/Frameworks";
				PRODUCT_BUNDLE_IDENTIFIER = com.samback.salonyTest;
				PRODUCT_NAME = "$(TARGET_NAME)";
				SWIFT_OBJC_BRIDGING_HEADER = "salonyTest/salonyTest-Bridging-Header.h";
				SWIFT_VERSION = 3.0;
			};
			name = Release;
		};
		D2A67E6E1F28C0DC00D866D1 /* Debug */ = {
			isa = XCBuildConfiguration;
			buildSettings = {
				BUNDLE_LOADER = "$(TEST_HOST)";
				DEVELOPMENT_TEAM = 2AUX883V6A;
				INFOPLIST_FILE = salonyTestTests/Info.plist;
				LD_RUNPATH_SEARCH_PATHS = "$(inherited) @executable_path/Frameworks @loader_path/Frameworks";
				PRODUCT_BUNDLE_IDENTIFIER = com.samback.salonyTestTests;
				PRODUCT_NAME = "$(TARGET_NAME)";
				SWIFT_VERSION = 3.0;
				TEST_HOST = "$(BUILT_PRODUCTS_DIR)/salonyTest.app/salonyTest";
			};
			name = Debug;
		};
		D2A67E6F1F28C0DC00D866D1 /* Release */ = {
			isa = XCBuildConfiguration;
			buildSettings = {
				BUNDLE_LOADER = "$(TEST_HOST)";
				DEVELOPMENT_TEAM = 2AUX883V6A;
				INFOPLIST_FILE = salonyTestTests/Info.plist;
				LD_RUNPATH_SEARCH_PATHS = "$(inherited) @executable_path/Frameworks @loader_path/Frameworks";
				PRODUCT_BUNDLE_IDENTIFIER = com.samback.salonyTestTests;
				PRODUCT_NAME = "$(TARGET_NAME)";
				SWIFT_VERSION = 3.0;
				TEST_HOST = "$(BUILT_PRODUCTS_DIR)/salonyTest.app/salonyTest";
			};
			name = Release;
		};
/* End XCBuildConfiguration section */

/* Begin XCConfigurationList section */
		D21C6FC51F25EDBE0033E363 /* Build configuration list for PBXProject "salonyTest" */ = {
			isa = XCConfigurationList;
			buildConfigurations = (
				D21C6FDA1F25EDBE0033E363 /* Debug */,
				D21C6FDB1F25EDBE0033E363 /* Release */,
			);
			defaultConfigurationIsVisible = 0;
			defaultConfigurationName = Release;
		};
		D21C6FDC1F25EDBE0033E363 /* Build configuration list for PBXNativeTarget "salonyTest" */ = {
			isa = XCConfigurationList;
			buildConfigurations = (
				D21C6FDD1F25EDBE0033E363 /* Debug */,
				D21C6FDE1F25EDBE0033E363 /* Release */,
			);
			defaultConfigurationIsVisible = 0;
			defaultConfigurationName = Release;
		};
		D2A67E701F28C0DC00D866D1 /* Build configuration list for PBXNativeTarget "salonyTestTests" */ = {
			isa = XCConfigurationList;
			buildConfigurations = (
				D2A67E6E1F28C0DC00D866D1 /* Debug */,
				D2A67E6F1F28C0DC00D866D1 /* Release */,
			);
			defaultConfigurationIsVisible = 0;
		};
/* End XCConfigurationList section */
	};
	rootObject = D21C6FC21F25EDBE0033E363 /* Project object */;
}
